
Microsoft Visual Studio Solution File, Format Version 12.00
# Visual Studio 15
VisualStudioVersion = 15.0.27428.2002
MinimumVisualStudioVersion = 10.0.40219.1
Project("{9A19103F-16F7-4668-BE54-9A1E7A4F7556}") = "Ruikowa.cs", "Ruikowa.cs\Ruikowa.cs.csproj", "{D9063263-E818-4CB0-A16E-02E1DB6179EB}"
EndProject
Project("{2150E333-8FDC-42A3-9474-1A3956D46DE8}") = "Solution Items", "Solution Items", "{B62AD0EF-4146-428C-9D1C-87FF09FFF4C0}"
	ProjectSection(SolutionItems) = preProject
		Performance1.psess = Performance1.psess
		Performance2.psess = Performance2.psess
		Performance3.psess = Performance3.psess
	EndProjectSection
EndProject
Project("{6EC3EE1D-3C4E-46DD-8F32-0CC8E7565705}") = "Ruiko", "Ruiko\Ruiko.fsproj", "{B3182172-FB47-4EB7-8638-93B5D9A6C0F1}"
EndProject
Project("{6EC3EE1D-3C4E-46DD-8F32-0CC8E7565705}") = "Ruiko.UnitTest", "Ruiko.UnitTest\Ruiko.UnitTest.fsproj", "{41AB2316-2133-4311-9C07-011FB261E3EF}"
EndProject
Project("{6EC3EE1D-3C4E-46DD-8F32-0CC8E7565705}") = "Ruiko.CommandLine", "Ruiko.CommandLine\Ruiko.CommandLine.fsproj", "{7C2CABB1-2C58-46B6-BE8A-0A09C2ACB2B1}"
EndProject
Project("{F2A71F9B-5D33-465A-A702-920D77279786}") = "RBNF", "RBNF\RBNF.fsproj", "{503E6C42-84FB-4F8A-B510-5500C29C3146}"
EndProject
Project("{F2A71F9B-5D33-465A-A702-920D77279786}") = "RBNF.Test", "RBNF.Test\RBNF.Test.fsproj", "{8A17304C-B0ED-471C-BF0B-C35302F8FC8D}"
EndProject
Global
	GlobalSection(SolutionConfigurationPlatforms) = preSolution
		Debug|Any CPU = Debug|Any CPU
		Release|Any CPU = Release|Any CPU
	EndGlobalSection
	GlobalSection(ProjectConfigurationPlatforms) = postSolution
		{D9063263-E818-4CB0-A16E-02E1DB6179EB}.Debug|Any CPU.ActiveCfg = Debug|Any CPU
		{D9063263-E818-4CB0-A16E-02E1DB6179EB}.Debug|Any CPU.Build.0 = Debug|Any CPU
		{D9063263-E818-4CB0-A16E-02E1DB6179EB}.Release|Any CPU.ActiveCfg = Release|Any CPU
		{D9063263-E818-4CB0-A16E-02E1DB6179EB}.Release|Any CPU.Build.0 = Release|Any CPU
		{B3182172-FB47-4EB7-8638-93B5D9A6C0F1}.Debug|Any CPU.ActiveCfg = Debug|Any CPU
		{B3182172-FB47-4EB7-8638-93B5D9A6C0F1}.Debug|Any CPU.Build.0 = Debug|Any CPU
		{B3182172-FB47-4EB7-8638-93B5D9A6C0F1}.Release|Any CPU.ActiveCfg = Release|Any CPU
		{B3182172-FB47-4EB7-8638-93B5D9A6C0F1}.Release|Any CPU.Build.0 = Release|Any CPU
		{41AB2316-2133-4311-9C07-011FB261E3EF}.Debug|Any CPU.ActiveCfg = Debug|Any CPU
		{41AB2316-2133-4311-9C07-011FB261E3EF}.Debug|Any CPU.Build.0 = Debug|Any CPU
		{41AB2316-2133-4311-9C07-011FB261E3EF}.Release|Any CPU.ActiveCfg = Release|Any CPU
		{41AB2316-2133-4311-9C07-011FB261E3EF}.Release|Any CPU.Build.0 = Release|Any CPU
		{7C2CABB1-2C58-46B6-BE8A-0A09C2ACB2B1}.Debug|Any CPU.ActiveCfg = Debug|Any CPU
		{7C2CABB1-2C58-46B6-BE8A-0A09C2ACB2B1}.Debug|Any CPU.Build.0 = Debug|Any CPU
		{7C2CABB1-2C58-46B6-BE8A-0A09C2ACB2B1}.Release|Any CPU.ActiveCfg = Release|Any CPU
		{7C2CABB1-2C58-46B6-BE8A-0A09C2ACB2B1}.Release|Any CPU.Build.0 = Release|Any CPU
		{503E6C42-84FB-4F8A-B510-5500C29C3146}.Debug|Any CPU.ActiveCfg = Debug|Any CPU
		{503E6C42-84FB-4F8A-B510-5500C29C3146}.Debug|Any CPU.Build.0 = Debug|Any CPU
		{503E6C42-84FB-4F8A-B510-5500C29C3146}.Release|Any CPU.ActiveCfg = Release|Any CPU
		{503E6C42-84FB-4F8A-B510-5500C29C3146}.Release|Any CPU.Build.0 = Release|Any CPU
		{8A17304C-B0ED-471C-BF0B-C35302F8FC8D}.Debug|Any CPU.ActiveCfg = Debug|Any CPU
		{8A17304C-B0ED-471C-BF0B-C35302F8FC8D}.Debug|Any CPU.Build.0 = Debug|Any CPU
		{8A17304C-B0ED-471C-BF0B-C35302F8FC8D}.Release|Any CPU.ActiveCfg = Release|Any CPU
		{8A17304C-B0ED-471C-BF0B-C35302F8FC8D}.Release|Any CPU.Build.0 = Release|Any CPU
	EndGlobalSection
	GlobalSection(SolutionProperties) = preSolution
		HideSolutionNode = FALSE
	EndGlobalSection
	GlobalSection(ExtensibilityGlobals) = postSolution
		SolutionGuid = {95564F2E-280F-43A2-AD13-BF5D31D4853E}
	EndGlobalSection
	GlobalSection(Performance) = preSolution
		HasPerformanceSessions = true
	EndGlobalSection
EndGlobal
